// !$*UTF8*$!
{
	archiveVersion = 1;
	classes = {
	};
	objectVersion = 48;
	objects = {

/* Begin PBXBuildFile section */
		74AB9C092067E1C400B6A027 /* AppDelegate.swift in Sources */ = {isa = PBXBuildFile; fileRef = 74AB9C082067E1C400B6A027 /* AppDelegate.swift */; };
		74AB9C0B2067E1C400B6A027 /* ViewController.swift in Sources */ = {isa = PBXBuildFile; fileRef = 74AB9C0A2067E1C400B6A027 /* ViewController.swift */; };
		74AB9C0E2067E1C400B6A027 /* Main.storyboard in Resources */ = {isa = PBXBuildFile; fileRef = 74AB9C0C2067E1C400B6A027 /* Main.storyboard */; };
		74AB9C112067E1C400B6A027 /* json_reader.xcdatamodeld in Sources */ = {isa = PBXBuildFile; fileRef = 74AB9C0F2067E1C400B6A027 /* json_reader.xcdatamodeld */; };
		74AB9C132067E1C400B6A027 /* Assets.xcassets in Resources */ = {isa = PBXBuildFile; fileRef = 74AB9C122067E1C400B6A027 /* Assets.xcassets */; };
		74AB9C162067E1C400B6A027 /* LaunchScreen.storyboard in Resources */ = {isa = PBXBuildFile; fileRef = 74AB9C142067E1C400B6A027 /* LaunchScreen.storyboard */; };
		74BBAD8B206804AB0060E0C6 /* ChildViewController.swift in Sources */ = {isa = PBXBuildFile; fileRef = 74BBAD8A206804AB0060E0C6 /* ChildViewController.swift */; };
		74F63F47206807860008C471 /* Kamilla.jpeg in Resources */ = {isa = PBXBuildFile; fileRef = 74F63F46206807860008C471 /* Kamilla.jpeg */; };
/* End PBXBuildFile section */

/* Begin PBXContainerItemProxy section */
		74AB9C1D2067E1C400B6A027 /* PBXContainerItemProxy */ = {
			isa = PBXContainerItemProxy;
			containerPortal = 74AB9BFD2067E1C400B6A027 /* Project object */;
			proxyType = 1;
			remoteGlobalIDString = 74AB9C042067E1C400B6A027;
			remoteInfo = "json-reader";
		};
		74AB9C282067E1C400B6A027 /* PBXContainerItemProxy */ = {
			isa = PBXContainerItemProxy;
			containerPortal = 74AB9BFD2067E1C400B6A027 /* Project object */;
			proxyType = 1;
			remoteGlobalIDString = 74AB9C042067E1C400B6A027;
			remoteInfo = "json-reader";
		};
/* End PBXContainerItemProxy section */

/* Begin PBXFileReference section */
		74AB9C052067E1C400B6A027 /* json-reader.app */ = {isa = PBXFileReference; explicitFileType = wrapper.application; includeInIndex = 0; path = "json-reader.app"; sourceTree = BUILT_PRODUCTS_DIR; };
		74AB9C082067E1C400B6A027 /* AppDelegate.swift */ = {isa = PBXFileReference; lastKnownFileType = sourcecode.swift; path = AppDelegate.swift; sourceTree = "<group>"; };
		74AB9C0A2067E1C400B6A027 /* ViewController.swift */ = {isa = PBXFileReference; lastKnownFileType = sourcecode.swift; path = ViewController.swift; sourceTree = "<group>"; };
		74AB9C0D2067E1C400B6A027 /* Base */ = {isa = PBXFileReference; lastKnownFileType = file.storyboard; name = Base; path = Base.lproj/Main.storyboard; sourceTree = "<group>"; };
		74AB9C102067E1C400B6A027 /* json_reader.xcdatamodel */ = {isa = PBXFileReference; lastKnownFileType = wrapper.xcdatamodel; path = json_reader.xcdatamodel; sourceTree = "<group>"; };
		74AB9C122067E1C400B6A027 /* Assets.xcassets */ = {isa = PBXFileReference; lastKnownFileType = folder.assetcatalog; path = Assets.xcassets; sourceTree = "<group>"; };
		74AB9C152067E1C400B6A027 /* Base */ = {isa = PBXFileReference; lastKnownFileType = file.storyboard; name = Base; path = Base.lproj/LaunchScreen.storyboard; sourceTree = "<group>"; };
		74AB9C172067E1C400B6A027 /* Info.plist */ = {isa = PBXFileReference; lastKnownFileType = text.plist.xml; path = Info.plist; sourceTree = "<group>"; };
		74AB9C1C2067E1C400B6A027 /* json-readerTests.xctest */ = {isa = PBXFileReference; explicitFileType = wrapper.cfbundle; includeInIndex = 0; path = "json-readerTests.xctest"; sourceTree = BUILT_PRODUCTS_DIR; };
		74AB9C272067E1C400B6A027 /* json-readerUITests.xctest */ = {isa = PBXFileReference; explicitFileType = wrapper.cfbundle; includeInIndex = 0; path = "json-readerUITests.xctest"; sourceTree = BUILT_PRODUCTS_DIR; };
		74BBAD8A206804AB0060E0C6 /* ChildViewController.swift */ = {isa = PBXFileReference; lastKnownFileType = sourcecode.swift; path = ChildViewController.swift; sourceTree = "<group>"; };
		74F63F46206807860008C471 /* Kamilla.jpeg */ = {isa = PBXFileReference; lastKnownFileType = image.jpeg; name = Kamilla.jpeg; path = ../../../../../../Downloads/Kamilla.jpeg; sourceTree = "<group>"; };
/* End PBXFileReference section */

/* Begin PBXFrameworksBuildPhase section */
		74AB9C022067E1C400B6A027 /* Frameworks */ = {
			isa = PBXFrameworksBuildPhase;
			buildActionMask = 2147483647;
			files = (
			);
			runOnlyForDeploymentPostprocessing = 0;
		};
		74AB9C192067E1C400B6A027 /* Frameworks */ = {
			isa = PBXFrameworksBuildPhase;
			buildActionMask = 2147483647;
			files = (
			);
			runOnlyForDeploymentPostprocessing = 0;
		};
		74AB9C242067E1C400B6A027 /* Frameworks */ = {
			isa = PBXFrameworksBuildPhase;
			buildActionMask = 2147483647;
			files = (
			);
			runOnlyForDeploymentPostprocessing = 0;
		};
/* End PBXFrameworksBuildPhase section */

/* Begin PBXGroup section */
		74AB9BFC2067E1C400B6A027 = {
			isa = PBXGroup;
			children = (
				74AB9C072067E1C400B6A027 /* json-reader */,
				74AB9C062067E1C400B6A027 /* Products */,
			);
			sourceTree = "<group>";
		};
		74AB9C062067E1C400B6A027 /* Products */ = {
			isa = PBXGroup;
			children = (
				74AB9C052067E1C400B6A027 /* json-reader.app */,
				74AB9C1C2067E1C400B6A027 /* json-readerTests.xctest */,
				74AB9C272067E1C400B6A027 /* json-readerUITests.xctest */,
			);
			name = Products;
			sourceTree = "<group>";
		};
		74AB9C072067E1C400B6A027 /* json-reader */ = {
			isa = PBXGroup;
			children = (
				74BBAD8A206804AB0060E0C6 /* ChildViewController.swift */,
				74AB9C082067E1C400B6A027 /* AppDelegate.swift */,
				74AB9C0A2067E1C400B6A027 /* ViewController.swift */,
				74AB9C0C2067E1C400B6A027 /* Main.storyboard */,
				74AB9C122067E1C400B6A027 /* Assets.xcassets */,
				74AB9C142067E1C400B6A027 /* LaunchScreen.storyboard */,
				74AB9C172067E1C400B6A027 /* Info.plist */,
				74F63F46206807860008C471 /* Kamilla.jpeg */,
				74AB9C0F2067E1C400B6A027 /* json_reader.xcdatamodeld */,
			);
			path = "json-reader";
			sourceTree = "<group>";
		};
/* End PBXGroup section */

/* Begin PBXNativeTarget section */
		74AB9C042067E1C400B6A027 /* json-reader */ = {
			isa = PBXNativeTarget;
			buildConfigurationList = 74AB9C302067E1C400B6A027 /* Build configuration list for PBXNativeTarget "json-reader" */;
			buildPhases = (
				74AB9C012067E1C400B6A027 /* Sources */,
				74AB9C022067E1C400B6A027 /* Frameworks */,
				74AB9C032067E1C400B6A027 /* Resources */,
			);
			buildRules = (
			);
			dependencies = (
			);
			name = "json-reader";
			productName = "json-reader";
			productReference = 74AB9C052067E1C400B6A027 /* json-reader.app */;
			productType = "com.apple.product-type.application";
		};
		74AB9C1B2067E1C400B6A027 /* json-readerTests */ = {
			isa = PBXNativeTarget;
			buildConfigurationList = 74AB9C332067E1C400B6A027 /* Build configuration list for PBXNativeTarget "json-readerTests" */;
			buildPhases = (
				74AB9C182067E1C400B6A027 /* Sources */,
				74AB9C192067E1C400B6A027 /* Frameworks */,
				74AB9C1A2067E1C400B6A027 /* Resources */,
			);
			buildRules = (
			);
			dependencies = (
				74AB9C1E2067E1C400B6A027 /* PBXTargetDependency */,
			);
			name = "json-readerTests";
			productName = "json-readerTests";
			productReference = 74AB9C1C2067E1C400B6A027 /* json-readerTests.xctest */;
			productType = "com.apple.product-type.bundle.unit-test";
		};
		74AB9C262067E1C400B6A027 /* json-readerUITests */ = {
			isa = PBXNativeTarget;
			buildConfigurationList = 74AB9C362067E1C400B6A027 /* Build configuration list for PBXNativeTarget "json-readerUITests" */;
			buildPhases = (
				74AB9C232067E1C400B6A027 /* Sources */,
				74AB9C242067E1C400B6A027 /* Frameworks */,
				74AB9C252067E1C400B6A027 /* Resources */,
			);
			buildRules = (
			);
			dependencies = (
				74AB9C292067E1C400B6A027 /* PBXTargetDependency */,
			);
			name = "json-readerUITests";
			productName = "json-readerUITests";
			productReference = 74AB9C272067E1C400B6A027 /* json-readerUITests.xctest */;
			productType = "com.apple.product-type.bundle.ui-testing";
		};
/* End PBXNativeTarget section */

/* Begin PBXProject section */
		74AB9BFD2067E1C400B6A027 /* Project object */ = {
			isa = PBXProject;
			attributes = {
				LastSwiftUpdateCheck = 0920;
				LastUpgradeCheck = 0920;
				ORGANIZATIONNAME = "Ildar Gubaydullin";
				TargetAttributes = {
					74AB9C042067E1C400B6A027 = {
						CreatedOnToolsVersion = 9.2;
						ProvisioningStyle = Automatic;
					};
					74AB9C1B2067E1C400B6A027 = {
						CreatedOnToolsVersion = 9.2;
						ProvisioningStyle = Automatic;
						TestTargetID = 74AB9C042067E1C400B6A027;
					};
					74AB9C262067E1C400B6A027 = {
						CreatedOnToolsVersion = 9.2;
						ProvisioningStyle = Automatic;
						TestTargetID = 74AB9C042067E1C400B6A027;
					};
				};
			};
			buildConfigurationList = 74AB9C002067E1C400B6A027 /* Build configuration list for PBXProject "json-reader" */;
			compatibilityVersion = "Xcode 8.0";
			developmentRegion = en;
			hasScannedForEncodings = 0;
			knownRegions = (
				en,
				Base,
			);
			mainGroup = 74AB9BFC2067E1C400B6A027;
			productRefGroup = 74AB9C062067E1C400B6A027 /* Products */;
			projectDirPath = "";
			projectRoot = "";
			targets = (
				74AB9C042067E1C400B6A027 /* json-reader */,
				74AB9C1B2067E1C400B6A027 /* json-readerTests */,
				74AB9C262067E1C400B6A027 /* json-readerUITests */,
			);
		};
/* End PBXProject section */

/* Begin PBXResourcesBuildPhase section */
		74AB9C032067E1C400B6A027 /* Resources */ = {
			isa = PBXResourcesBuildPhase;
			buildActionMask = 2147483647;
			files = (
				74AB9C162067E1C400B6A027 /* LaunchScreen.storyboard in Resources */,
				74AB9C132067E1C400B6A027 /* Assets.xcassets in Resources */,
				74AB9C0E2067E1C400B6A027 /* Main.storyboard in Resources */,
				74F63F47206807860008C471 /* Kamilla.jpeg in Resources */,
			);
			runOnlyForDeploymentPostprocessing = 0;
		};
		74AB9C1A2067E1C400B6A027 /* Resources */ = {
			isa = PBXResourcesBuildPhase;
			buildActionMask = 2147483647;
			files = (
			);
			runOnlyForDeploymentPostprocessing = 0;
		};
		74AB9C252067E1C400B6A027 /* Resources */ = {
			isa = PBXResourcesBuildPhase;
			buildActionMask = 2147483647;
			files = (
			);
			runOnlyForDeploymentPostprocessing = 0;
		};
/* End PBXResourcesBuildPhase section */

/* Begin PBXSourcesBuildPhase section */
		74AB9C012067E1C400B6A027 /* Sources */ = {
			isa = PBXSourcesBuildPhase;
			buildActionMask = 2147483647;
			files = (
				74AB9C0B2067E1C400B6A027 /* ViewController.swift in Sources */,
				74AB9C112067E1C400B6A027 /* json_reader.xcdatamodeld in Sources */,
				74AB9C092067E1C400B6A027 /* AppDelegate.swift in Sources */,
				74BBAD8B206804AB0060E0C6 /* ChildViewController.swift in Sources */,
			);
			runOnlyForDeploymentPostprocessing = 0;
		};
		74AB9C182067E1C400B6A027 /* Sources */ = {
			isa = PBXSourcesBuildPhase;
			buildActionMask = 2147483647;
			files = (
			);
			runOnlyForDeploymentPostprocessing = 0;
		};
		74AB9C232067E1C400B6A027 /* Sources */ = {
			isa = PBXSourcesBuildPhase;
			buildActionMask = 2147483647;
			files = (
			);
			runOnlyForDeploymentPostprocessing = 0;
		};
/* End PBXSourcesBuildPhase section */

/* Begin PBXTargetDependency section */
		74AB9C1E2067E1C400B6A027 /* PBXTargetDependency */ = {
			isa = PBXTargetDependency;
			target = 74AB9C042067E1C400B6A027 /* json-reader */;
			targetProxy = 74AB9C1D2067E1C400B6A027 /* PBXContainerItemProxy */;
		};
		74AB9C292067E1C400B6A027 /* PBXTargetDependency */ = {
			isa = PBXTargetDependency;
			target = 74AB9C042067E1C400B6A027 /* json-reader */;
			targetProxy = 74AB9C282067E1C400B6A027 /* PBXContainerItemProxy */;
		};
/* End PBXTargetDependency section */

/* Begin PBXVariantGroup section */
		74AB9C0C2067E1C400B6A027 /* Main.storyboard */ = {
			isa = PBXVariantGroup;
			children = (
				74AB9C0D2067E1C400B6A027 /* Base */,
			);
			name = Main.storyboard;
			sourceTree = "<group>";
		};
		74AB9C142067E1C400B6A027 /* LaunchScreen.storyboard */ = {
			isa = PBXVariantGroup;
			children = (
				74AB9C152067E1C400B6A027 /* Base */,
			);
			name = LaunchScreen.storyboard;
			sourceTree = "<group>";
		};
/* End PBXVariantGroup section */

/* Begin XCBuildConfiguration section */
		74AB9C2E2067E1C400B6A027 /* Debug */ = {
			isa = XCBuildConfiguration;
			buildSettings = {
				ALWAYS_SEARCH_USER_PATHS = NO;
				CLANG_ANALYZER_NONNULL = YES;
				CLANG_ANALYZER_NUMBER_OBJECT_CONVERSION = YES_AGGRESSIVE;
				CLANG_CXX_LANGUAGE_STANDARD = "gnu++14";
				CLANG_CXX_LIBRARY = "libc++";
				CLANG_ENABLE_MODULES = YES;
				CLANG_ENABLE_OBJC_ARC = YES;
				CLANG_WARN_BLOCK_CAPTURE_AUTORELEASING = YES;
				CLANG_WARN_BOOL_CONVERSION = YES;
				CLANG_WARN_COMMA = YES;
				CLANG_WARN_CONSTANT_CONVERSION = YES;
				CLANG_WARN_DIRECT_OBJC_ISA_USAGE = YES_ERROR;
				CLANG_WARN_DOCUMENTATION_COMMENTS = YES;
				CLANG_WARN_EMPTY_BODY = YES;
				CLANG_WARN_ENUM_CONVERSION = YES;
				CLANG_WARN_INFINITE_RECURSION = YES;
				CLANG_WARN_INT_CONVERSION = YES;
				CLANG_WARN_NON_LITERAL_NULL_CONVERSION = YES;
				CLANG_WARN_OBJC_LITERAL_CONVERSION = YES;
				CLANG_WARN_OBJC_ROOT_CLASS = YES_ERROR;
				CLANG_WARN_RANGE_LOOP_ANALYSIS = YES;
				CLANG_WARN_STRICT_PROTOTYPES = YES;
				CLANG_WARN_SUSPICIOUS_MOVE = YES;
				CLANG_WARN_UNGUARDED_AVAILABILITY = YES_AGGRESSIVE;
				CLANG_WARN_UNREACHABLE_CODE = YES;
				CLANG_WARN__DUPLICATE_METHOD_MATCH = YES;
				CODE_SIGN_IDENTITY = "iPhone Developer";
				COPY_PHASE_STRIP = NO;
				DEBUG_INFORMATION_FORMAT = dwarf;
				ENABLE_STRICT_OBJC_MSGSEND = YES;
				ENABLE_TESTABILITY = YES;
				GCC_C_LANGUAGE_STANDARD = gnu11;
				GCC_DYNAMIC_NO_PIC = NO;
				GCC_NO_COMMON_BLOCKS = YES;
				GCC_OPTIMIZATION_LEVEL = 0;
				GCC_PREPROCESSOR_DEFINITIONS = (
					"DEBUG=1",
					"$(inherited)",
				);
				GCC_WARN_64_TO_32_BIT_CONVERSION = YES;
				GCC_WARN_ABOUT_RETURN_TYPE = YES_ERROR;
				GCC_WARN_UNDECLARED_SELECTOR = YES;
				GCC_WARN_UNINITIALIZED_AUTOS = YES_AGGRESSIVE;
				GCC_WARN_UNUSED_FUNCTION = YES;
				GCC_WARN_UNUSED_VARIABLE = YES;
				IPHONEOS_DEPLOYMENT_TARGET = 11.2;
				MTL_ENABLE_DEBUG_INFO = YES;
				ONLY_ACTIVE_ARCH = YES;
				SDKROOT = iphoneos;
				SWIFT_ACTIVE_COMPILATION_CONDITIONS = DEBUG;
				SWIFT_OPTIMIZATION_LEVEL = "-Onone";
			};
			name = Debug;
		};
		74AB9C2F2067E1C400B6A027 /* Release */ = {
			isa = XCBuildConfiguration;
			buildSettings = {
				ALWAYS_SEARCH_USER_PATHS = NO;
				CLANG_ANALYZER_NONNULL = YES;
				CLANG_ANALYZER_NUMBER_OBJECT_CONVERSION = YES_AGGRESSIVE;
				CLANG_CXX_LANGUAGE_STANDARD = "gnu++14";
				CLANG_CXX_LIBRARY = "libc++";
				CLANG_ENABLE_MODULES = YES;
				CLANG_ENABLE_OBJC_ARC = YES;
				CLANG_WARN_BLOCK_CAPTURE_AUTORELEASING = YES;
				CLANG_WARN_BOOL_CONVERSION = YES;
				CLANG_WARN_COMMA = YES;
				CLANG_WARN_CONSTANT_CONVERSION = YES;
				CLANG_WARN_DIRECT_OBJC_ISA_USAGE = YES_ERROR;
				CLANG_WARN_DOCUMENTATION_COMMENTS = YES;
				CLANG_WARN_EMPTY_BODY = YES;
				CLANG_WARN_ENUM_CONVERSION = YES;
				CLANG_WARN_INFINITE_RECURSION = YES;
				CLANG_WARN_INT_CONVERSION = YES;
				CLANG_WARN_NON_LITERAL_NULL_CONVERSION = YES;
				CLANG_WARN_OBJC_LITERAL_CONVERSION = YES;
				CLANG_WARN_OBJC_ROOT_CLASS = YES_ERROR;
				CLANG_WARN_RANGE_LOOP_ANALYSIS = YES;
				CLANG_WARN_STRICT_PROTOTYPES = YES;
				CLANG_WARN_SUSPICIOUS_MOVE = YES;
				CLANG_WARN_UNGUARDED_AVAILABILITY = YES_AGGRESSIVE;
				CLANG_WARN_UNREACHABLE_CODE = YES;
				CLANG_WARN__DUPLICATE_METHOD_MATCH = YES;
				CODE_SIGN_IDENTITY = "iPhone Developer";
				COPY_PHASE_STRIP = NO;
				DEBUG_INFORMATION_FORMAT = "dwarf-with-dsym";
				ENABLE_NS_ASSERTIONS = NO;
				ENABLE_STRICT_OBJC_MSGSEND = YES;
				GCC_C_LANGUAGE_STANDARD = gnu11;
				GCC_NO_COMMON_BLOCKS = YES;
				GCC_WARN_64_TO_32_BIT_CONVERSION = YES;
				GCC_WARN_ABOUT_RETURN_TYPE = YES_ERROR;
				GCC_WARN_UNDECLARED_SELECTOR = YES;
				GCC_WARN_UNINITIALIZED_AUTOS = YES_AGGRESSIVE;
				GCC_WARN_UNUSED_FUNCTION = YES;
				GCC_WARN_UNUSED_VARIABLE = YES;
				IPHONEOS_DEPLOYMENT_TARGET = 11.2;
				MTL_ENABLE_DEBUG_INFO = NO;
				SDKROOT = iphoneos;
				SWIFT_OPTIMIZATION_LEVEL = "-Owholemodule";
				VALIDATE_PRODUCT = YES;
			};
			name = Release;
		};
		74AB9C312067E1C400B6A027 /* Debug */ = {
			isa = XCBuildConfiguration;
			buildSettings = {
				ASSETCATALOG_COMPILER_APPICON_NAME = AppIcon;
				"CODE_SIGN_IDENTITY[sdk=iphoneos*]" = "iPhone Developer";
				CODE_SIGN_STYLE = Automatic;
				DEVELOPMENT_TEAM = 7FL927P776;
				INFOPLIST_FILE = "json-reader/Info.plist";
				LD_RUNPATH_SEARCH_PATHS = "$(inherited) @executable_path/Frameworks";
				PRODUCT_BUNDLE_IDENTIFIER = "ufanipi.json-reader";
				PRODUCT_NAME = "json-reader";
				PROVISIONING_PROFILE_SPECIFIER = "";
				SWIFT_VERSION = 4.0;
				TARGETED_DEVICE_FAMILY = "1,2";
			};
			name = Debug;
		};
		74AB9C322067E1C400B6A027 /* Release */ = {
			isa = XCBuildConfiguration;
			buildSettings = {
				ASSETCATALOG_COMPILER_APPICON_NAME = AppIcon;
				"CODE_SIGN_IDENTITY[sdk=iphoneos*]" = "iPhone Developer";
				CODE_SIGN_STYLE = Automatic;
				DEVELOPMENT_TEAM = 7FL927P776;
				INFOPLIST_FILE = "json-reader/Info.plist";
				LD_RUNPATH_SEARCH_PATHS = "$(inherited) @executable_path/Frameworks";
				PRODUCT_BUNDLE_IDENTIFIER = "ufanipi.json-reader";
				PRODUCT_NAME = "$(TARGET_NAME)";
				PROVISIONING_PROFILE_SPECIFIER = "";
				SWIFT_VERSION = 4.0;
				TARGETED_DEVICE_FAMILY = "1,2";
			};
			name = Release;
		};
		74AB9C342067E1C400B6A027 /* Debug */ = {
			isa = XCBuildConfiguration;
			buildSettings = {
				ALWAYS_EMBED_SWIFT_STANDARD_LIBRARIES = YES;
				BUNDLE_LOADER = "$(TEST_HOST)";
				CODE_SIGN_STYLE = Automatic;
				INFOPLIST_FILE = "json-readerTests/Info.plist";
				LD_RUNPATH_SEARCH_PATHS = "$(inherited) @executable_path/Frameworks @loader_path/Frameworks";
				PRODUCT_BUNDLE_IDENTIFIER = "ufanipi.json-readerTests";
				PRODUCT_NAME = "$(TARGET_NAME)";
				SWIFT_VERSION = 4.0;
				TARGETED_DEVICE_FAMILY = "1,2";
				TEST_HOST = "$(BUILT_PRODUCTS_DIR)/json-reader.app/json-reader";
			};
			name = Debug;
		};
		74AB9C352067E1C400B6A027 /* Release */ = {
			isa = XCBuildConfiguration;
			buildSettings = {
				ALWAYS_EMBED_SWIFT_STANDARD_LIBRARIES = YES;
				BUNDLE_LOADER = "$(TEST_HOST)";
				CODE_SIGN_STYLE = Automatic;
				INFOPLIST_FILE = "json-readerTests/Info.plist";
				LD_RUNPATH_SEARCH_PATHS = "$(inherited) @executable_path/Frameworks @loader_path/Frameworks";
				PRODUCT_BUNDLE_IDENTIFIER = "ufanipi.json-readerTests";
				PRODUCT_NAME = "$(TARGET_NAME)";
				SWIFT_VERSION = 4.0;
				TARGETED_DEVICE_FAMILY = "1,2";
				TEST_HOST = "$(BUILT_PRODUCTS_DIR)/json-reader.app/json-reader";
			};
			name = Release;
		};
		74AB9C372067E1C400B6A027 /* Debug */ = {
			isa = XCBuildConfiguration;
			buildSettings = {
				ALWAYS_EMBED_SWIFT_STANDARD_LIBRARIES = YES;
				CODE_SIGN_STYLE = Automatic;
				INFOPLIST_FILE = "json-readerUITests/Info.plist";
				LD_RUNPATH_SEARCH_PATHS = "$(inherited) @executable_path/Frameworks @loader_path/Frameworks";
				PRODUCT_BUNDLE_IDENTIFIER = "ufanipi.json-readerUITests";
				PRODUCT_NAME = "$(TARGET_NAME)";
				SWIFT_VERSION = 4.0;
				TARGETED_DEVICE_FAMILY = "1,2";
				TEST_TARGET_NAME = "json-reader";
			};
			name = Debug;
		};
		74AB9C382067E1C400B6A027 /* Release */ = {
			isa = XCBuildConfiguration;
			buildSettings = {
				ALWAYS_EMBED_SWIFT_STANDARD_LIBRARIES = YES;
				CODE_SIGN_STYLE = Automatic;
				INFOPLIST_FILE = "json-readerUITests/Info.plist";
				LD_RUNPATH_SEARCH_PATHS = "$(inherited) @executable_path/Frameworks @loader_path/Frameworks";
				PRODUCT_BUNDLE_IDENTIFIER = "ufanipi.json-readerUITests";
				PRODUCT_NAME = "$(TARGET_NAME)";
				SWIFT_VERSION = 4.0;
				TARGETED_DEVICE_FAMILY = "1,2";
				TEST_TARGET_NAME = "json-reader";
			};
			name = Release;
		};
/* End XCBuildConfiguration section */

/* Begin XCConfigurationList section */
		74AB9C002067E1C400B6A027 /* Build configuration list for PBXProject "json-reader" */ = {
			isa = XCConfigurationList;
			buildConfigurations = (
				74AB9C2E2067E1C400B6A027 /* Debug */,
				74AB9C2F2067E1C400B6A027 /* Release */,
			);
			defaultConfigurationIsVisible = 0;
			defaultConfigurationName = Release;
		};
		74AB9C302067E1C400B6A027 /* Build configuration list for PBXNativeTarget "json-reader" */ = {
			isa = XCConfigurationList;
			buildConfigurations = (
				74AB9C312067E1C400B6A027 /* Debug */,
				74AB9C322067E1C400B6A027 /* Release */,
			);
			defaultConfigurationIsVisible = 0;
			defaultConfigurationName = Release;
		};
		74AB9C332067E1C400B6A027 /* Build configuration list for PBXNativeTarget "json-readerTests" */ = {
			isa = XCConfigurationList;
			buildConfigurations = (
				74AB9C342067E1C400B6A027 /* Debug */,
				74AB9C352067E1C400B6A027 /* Release */,
			);
			defaultConfigurationIsVisible = 0;
			defaultConfigurationName = Release;
		};
		74AB9C362067E1C400B6A027 /* Build configuration list for PBXNativeTarget "json-readerUITests" */ = {
			isa = XCConfigurationList;
			buildConfigurations = (
				74AB9C372067E1C400B6A027 /* Debug */,
				74AB9C382067E1C400B6A027 /* Release */,
			);
			defaultConfigurationIsVisible = 0;
			defaultConfigurationName = Release;
		};
/* End XCConfigurationList section */

/* Begin XCVersionGroup section */
		74AB9C0F2067E1C400B6A027 /* json_reader.xcdatamodeld */ = {
			isa = XCVersionGroup;
			children = (
				74AB9C102067E1C400B6A027 /* json_reader.xcdatamodel */,
			);
			currentVersion = 74AB9C102067E1C400B6A027 /* json_reader.xcdatamodel */;
			path = json_reader.xcdatamodeld;
			sourceTree = "<group>";
			versionGroupType = wrapper.xcdatamodel;
		};
/* End XCVersionGroup section */
	};
	rootObject = 74AB9BFD2067E1C400B6A027 /* Project object */;
}
